
Microsoft Visual Studio Solution File, Format Version 12.00
# Visual Studio Version 17
VisualStudioVersion = 17.10.35013.160
MinimumVisualStudioVersion = 10.0.40219.1
Project("{888888A0-9F3D-457C-B088-3A5042F75D52}") = "Timer", "Timer\Timer.pyproj", "{521A1B41-47BA-4969-B563-0AAA3EA408EB}"
EndProject
Global
	GlobalSection(SolutionConfigurationPlatforms) = preSolution
		Debug|Any CPU = Debug|Any CPU
		Release|Any CPU = Release|Any CPU
	EndGlobalSection
	GlobalSection(ProjectConfigurationPlatforms) = postSolution
		{521A1B41-47BA-4969-B563-0AAA3EA408EB}.Debug|Any CPU.ActiveCfg = Debug|Any CPU
		{521A1B41-47BA-4969-B563-0AAA3EA408EB}.Release|Any CPU.ActiveCfg = Release|Any CPU
	EndGlobalSection
	GlobalSection(SolutionProperties) = preSolution
		HideSolutionNode = FALSE
	EndGlobalSection
	GlobalSection(ExtensibilityGlobals) = postSolution
		SolutionGuid = {F37D51A2-FDBD-4BF3-9BDA-29FB9B2BCF27}
	EndGlobalSection
EndGlobal
